
Microsoft Visual Studio Solution File, Format Version 12.00
# Visual Studio Version 16
VisualStudioVersion = 16.0.30011.22
MinimumVisualStudioVersion = 10.0.40219.1
Project("{9A19103F-16F7-4668-BE54-9A1E7A4F7556}") = "CarlProject", "CarlProject\CarlProject.csproj", "{1CE93D82-E890-4D3E-A9D0-765DBAF1394A}"
EndProject
Project("{FAE04EC0-301F-11D3-BF4B-00C04F79EFBC}") = "Actividad 2", "Actividad 2\Actividad 2.csproj", "{C1046665-E04D-4FBC-A8A5-05505A3484B9}"
EndProject
Global
	GlobalSection(SolutionConfigurationPlatforms) = preSolution
		Debug|Any CPU = Debug|Any CPU
		Release|Any CPU = Release|Any CPU
	EndGlobalSection
	GlobalSection(ProjectConfigurationPlatforms) = postSolution
		{1CE93D82-E890-4D3E-A9D0-765DBAF1394A}.Debug|Any CPU.ActiveCfg = Debug|Any CPU
		{1CE93D82-E890-4D3E-A9D0-765DBAF1394A}.Debug|Any CPU.Build.0 = Debug|Any CPU
		{1CE93D82-E890-4D3E-A9D0-765DBAF1394A}.Release|Any CPU.ActiveCfg = Release|Any CPU
		{1CE93D82-E890-4D3E-A9D0-765DBAF1394A}.Release|Any CPU.Build.0 = Release|Any CPU
		{C1046665-E04D-4FBC-A8A5-05505A3484B9}.Debug|Any CPU.ActiveCfg = Debug|Any CPU
		{C1046665-E04D-4FBC-A8A5-05505A3484B9}.Debug|Any CPU.Build.0 = Debug|Any CPU
		{C1046665-E04D-4FBC-A8A5-05505A3484B9}.Release|Any CPU.ActiveCfg = Release|Any CPU
		{C1046665-E04D-4FBC-A8A5-05505A3484B9}.Release|Any CPU.Build.0 = Release|Any CPU
	EndGlobalSection
	GlobalSection(SolutionProperties) = preSolution
		HideSolutionNode = FALSE
	EndGlobalSection
	GlobalSection(ExtensibilityGlobals) = postSolution
		SolutionGuid = {A9196E27-0717-421C-9087-879B51F04CAC}
	EndGlobalSection
EndGlobal
